github.com/Motmedel/ecs_go v0.0.62 h1:zoS2l556+tDVd635T7OfP4JLVyA8mrfReaDOA9FyxvQ=
github.com/Motmedel/ecs_go v0.0.62/go.mod h1:UwZhGtHYOtPrJ22s5hQTDpTbDPq9m+vfHItb8t++QKw=
github.com/Motmedel/gcp_logging_go v0.0.5 h1:/i99Y+iJBsuhBwxU2/F8E+/P7m71+Np+NZ6TYJDVi8A=
github.com/Motmedel/gcp_logging_go v0.0.5/go.mod h1:yuvEhmMwEOueSGava3eHjNIm/1BzYc/3o4a6+BaZLFk=
github.com/Motmedel/parsing_utils v0.0.3 h1:DUXFrhMTEK5tfYsH0PQkjzRdS/yNvEs1YJ3k4tnG/2A=
github.com/Motmedel/parsing_utils v0.0.3/go.mod h1:OhJqcl0rC5n8tdOaNuKlcAYe2yyUqodhoybdXtUn6Co=
github.com/Motmedel/utils_go v0.0.205 h1:YkRyrVT5xKPnjaBsdbg6qD9ZyVIJPoNXorzR3EA7G5g=
github.com/Motmedel/utils_go v0.0.205/go.mod h1:kKm8jM7GA8M7ICIImi5etOMixRgQfnStBPjEoCMTgbg=
github.com/Motmedel/utils_go/pkg/http/log v0.0.4 h1:5/qTl1Gve0CkP6tWhVWKDYT13U1Wb/h0U7YiaJ99ghQ=
github.com/Motmedel/utils_go/pkg/http/log v0.0.4/go.mod h1:VGQu3SV0SU+Sd76rsFUI5ApeEh0bZBPmNT6xmmlZkx8=
github.com/Motmedel/utils_go/pkg/http/mux v0.0.70 h1:gpcCKh3+BXZNRNvtpEGWy/rtsNq1wEhM9rQM4lv1H3s=
github.com/Motmedel/utils_go/pkg/http/mux v0.0.70/go.mod h1:CKtPPIlYxNPQXK9HNDWWFuiIedKUUgnb3GMop6o64ds=
github.com/Motmedel/utils_go/pkg/http/parsing/headers v0.0.22 h1:yXJ/4APVhPL/UyGqreMQ4XXzz/YzZTS48ZIMlelj8pA=
github.com/Motmedel/utils_go/pkg/http/parsing/headers v0.0.22/go.mod h1:i42F/+F9BmGGoEY6dgj5Dp0lGcTpBOzKZ4+ikkQS7bE=
github.com/Motmedel/utils_go/pkg/http/problem_detail v1.0.4 h1:FFISPMIc2zf8ZoF2uPYlGiH6A5WrK+8n9lD5dIlvTTo=
github.com/Motmedel/utils_go/pkg/http/problem_detail v1.0.4/go.mod h1:+IxGCG8j1RnwKAKVja/lF6TPDWuWIKbrTLnDPeEkQy8=
github.com/Motmedel/utils_go/pkg/net/domain_breakdown v0.0.5 h1:57lx54tX6LbHjMNv0qGnwQB/eo7axhbDnd6rVWyWjxc=
github.com/Motmedel/utils_go/pkg/net/domain_breakdown v0.0.5/go.mod h1:sRPKDiIl1+iQ0eT9amSQKzBdFWDFXtxi32mEvBPm4BU=
github.com/altshiftab/gcp_utils v0.0.6 h1:DBYX2ArJ3WZ3ykZypfR70QosvDTcExSZr3PVGxJHxIU=
github.com/altshiftab/gcp_utils v0.0.6/go.mod h1:3QgVM6pZlxXbKDArxVhCuXZ+Jzl1PE/XF6j2t3ArgeQ=
github.com/altshiftab/gcp_utils/pkg/http v0.0.12 h1:NAStGeiLCEj7hPHiC2UZh4YIzd24BgrFa11ub1u4/Sk=
github.com/altshiftab/gcp_utils/pkg/http v0.0.12/go.mod h1:vWRiY0PnmuP3QojakwwanITc+HfEA9pITVHJ52awuZE=
github.com/altshiftab/gcp_utils/pkg/log v0.0.9 h1:CKtucO3yEXbKvhEkdRTmLkmK4b+y6hBb6s5dHyzsrGo=
github.com/altshiftab/gcp_utils/pkg/log v0.0.9/go.mod h1:AkgSedA1q7FkfusvIOQ631GT0Kg2tc41RoxNw2s+Tm4=
github.com/altshiftab/mux_static_content/cmd/generate_endpoints v0.0.3 h1:75IHRxmv58+mN/c3CWWmKvcnrHF8DcGFHZ/W4jhzszw=
github.com/altshiftab/mux_static_content/cmd/generate_endpoints v0.0.3/go.mod h1:cSd8urraZKU/iIK64cCu1lcsH2Y2HoSr+U4ckQplnBk=
github.com/davecgh/go-spew v1.1.1 h1:vj9j/u1bqnvCEfJOwUhtlOARqs3+rkHYY13jYWTU97c=
github.com/davecgh/go-spew v1.1.1/go.mod h1:J7Y8YcW2NihsgmVo/mv3lAwl/skON4iLHjSsI+c5H38=
github.com/gammazero/deque v1.0.0 h1:LTmimT8H7bXkkCy6gZX7zNLtkbz4NdS2z8LZuor3j34=
github.com/gammazero/deque v1.0.0/go.mod h1:iflpYvtGfM3U8S8j+sZEKIak3SAKYpA5/SQewgfXDKo=
github.com/google/go-cmp v0.7.0 h1:wk8382ETsv4JYUZwIsn6YpYiWiBsYLSJiTsyBybVuN8=
github.com/google/go-cmp v0.7.0/go.mod h1:pXiqmnSA92OHEEa9HXL2W4E7lf9JzCmGVUdgjX3N/iU=
github.com/google/uuid v1.6.0 h1:NIvaJDMOsjHA8n1jAhLSgzrAzy1Hgr+hNrb57e+94F0=
github.com/google/uuid v1.6.0/go.mod h1:TIyPZe4MgqvfeYDBFedMoGGpEw/LqOeaOT+nhxU+yHo=
github.com/pandatix/go-abnf v0.1.8 h1:PLloZXyMZLX1P4550QlFcvw2djym8zpkQIyKByLVcag=
github.com/pandatix/go-abnf v0.1.8/go.mod h1:dv/sWix/t0zGI/gmXwnDrAkpS1pGGqXfoYSwknM4uwQ=
github.com/pmezard/go-difflib v1.0.0 h1:4DBwDE0NGyQoBHbLQYPwSUPoCMWR5BEzIk/f1lZbAQM=
github.com/pmezard/go-difflib v1.0.0/go.mod h1:iKH77koFhYxTK1pcRnkKkqfTogsbg7gZNVY4sRDYZ/4=
github.com/stretchr/testify v1.10.0 h1:Xv5erBjTwe/5IxqUQTdXv5kgmIvbHo3QQyRwhJsOfJA=
github.com/stretchr/testify v1.10.0/go.mod h1:r2ic/lqez/lEtzL7wO/rwa5dbSLXVDPFyf8C91i36aY=
github.com/vphpersson/code_generation_go v0.0.6 h1:5gm1Vt56QPqVDy++vJR/K9t3ExQ3WpR9oOykNE4J6uQ=
github.com/vphpersson/code_generation_go v0.0.6/go.mod h1:RMIBmCf8MefeowxVXptsvUhiET5FaEqSG9+6+tCEu3A=
golang.org/x/net v0.40.0 h1:79Xs7wF06Gbdcg4kdCCIQArK11Z1hr5POQ6+fIYHNuY=
golang.org/x/net v0.40.0/go.mod h1:y0hY0exeL2Pku80/zKK7tpntoX23cqL3Oa6njdgRtds=
golang.org/x/sync v0.14.0 h1:woo0S4Yywslg6hp4eUFjTVOyKt0RookbpAHG4c1HmhQ=
golang.org/x/sync v0.14.0/go.mod h1:1dzgHSNfp02xaA81J2MS99Qcpr2w7fw1gpm99rleRqA=
golang.org/x/text v0.25.0 h1:qVyWApTSYLk/drJRO5mDlNYskwQznZmkpV2c8q9zls4=
golang.org/x/text v0.25.0/go.mod h1:WEdwpYrmk1qmdHvhkSTNPm3app7v4rsT8F2UD6+VHIA=
gopkg.in/yaml.v3 v3.0.1 h1:fxVm/GzAzEWqLHuvctI91KS9hhNmmWOoWu0XTYJS7CA=
gopkg.in/yaml.v3 v3.0.1/go.mod h1:K4uyk7z7BCEPqu6E+C64Yfv1cQ7kz7rIZviUmN+EgEM=
